
Microsoft Visual Studio Solution File, Format Version 12.00
# Visual Studio Version 16
VisualStudioVersion = 16.0.31624.102
MinimumVisualStudioVersion = 10.0.40219.1
Project("{FAE04EC0-301F-11D3-BF4B-00C04F79EFBC}") = "Task3", "Task3\Task3.csproj", "{2B352366-86B8-4E43-BB6B-05BAE276337E}"
EndProject
Global
	GlobalSection(SolutionConfigurationPlatforms) = preSolution
		Debug|Any CPU = Debug|Any CPU
		Release|Any CPU = Release|Any CPU
	EndGlobalSection
	GlobalSection(ProjectConfigurationPlatforms) = postSolution
		{2B352366-86B8-4E43-BB6B-05BAE276337E}.Debug|Any CPU.ActiveCfg = Debug|Any CPU
		{2B352366-86B8-4E43-BB6B-05BAE276337E}.Debug|Any CPU.Build.0 = Debug|Any CPU
		{2B352366-86B8-4E43-BB6B-05BAE276337E}.Release|Any CPU.ActiveCfg = Release|Any CPU
		{2B352366-86B8-4E43-BB6B-05BAE276337E}.Release|Any CPU.Build.0 = Release|Any CPU
	EndGlobalSection
	GlobalSection(SolutionProperties) = preSolution
		HideSolutionNode = FALSE
	EndGlobalSection
	GlobalSection(ExtensibilityGlobals) = postSolution
		SolutionGuid = {358CF144-1003-4BCC-8DB9-A6D60F5F597A}
	EndGlobalSection
EndGlobal
